
Microsoft Visual Studio Solution File, Format Version 12.00
# Visual Studio Version 17
VisualStudioVersion = 17.5.002.0
MinimumVisualStudioVersion = 10.0.40219.1
Project("{9A19103F-16F7-4668-BE54-9A1E7A4F7556}") = "PredictHousePriceBySize", "PredictHousePriceBySize\PredictHousePriceBySize.csproj", "{6045D3EA-F2CC-424D-940F-1AF8CF3349B0}"
EndProject
Global
	GlobalSection(SolutionConfigurationPlatforms) = preSolution
		Debug|Any CPU = Debug|Any CPU
		Release|Any CPU = Release|Any CPU
	EndGlobalSection
	GlobalSection(ProjectConfigurationPlatforms) = postSolution
		{6045D3EA-F2CC-424D-940F-1AF8CF3349B0}.Debug|Any CPU.ActiveCfg = Debug|Any CPU
		{6045D3EA-F2CC-424D-940F-1AF8CF3349B0}.Debug|Any CPU.Build.0 = Debug|Any CPU
		{6045D3EA-F2CC-424D-940F-1AF8CF3349B0}.Release|Any CPU.ActiveCfg = Release|Any CPU
		{6045D3EA-F2CC-424D-940F-1AF8CF3349B0}.Release|Any CPU.Build.0 = Release|Any CPU
	EndGlobalSection
	GlobalSection(SolutionProperties) = preSolution
		HideSolutionNode = FALSE
	EndGlobalSection
	GlobalSection(ExtensibilityGlobals) = postSolution
		SolutionGuid = {B87F4E12-5CEF-4B90-915D-81CD94ACD3E4}
	EndGlobalSection
EndGlobal
